{
  "name": "base45",
  "version": "1.0.0",
  "lockfileVersion": 1,
  "requires": true,
  "dependencies": {
    "base45": {
      "version": "3.0.0",
      "resolved": "https://registry.npmjs.org/base45/-/base45-3.0.0.tgz",
      "integrity": "sha512-SWayzDiUFaga+G3X/oL2XIDbjhdpmBGUqLU6T7zB89aNWYnEcfa36DIWW95rxn0sWAWbwrKcSyqcWw6AApYwsg=="
    },
    "readline": {
      "version": "1.3.0",
      "resolved": "https://registry.npmjs.org/readline/-/readline-1.3.0.tgz",
      "integrity": "sha1-xYDXfvLPyHUrEySYBg3JeTp6wBw="
    }
  }
}
